{
    "_meta": {
        "hash": {
            "sha256": "dd0c3e378424b4e2f0dbc8addef45c063b30881e007423fcc8b6459eadba38c8"
        },
        "pipfile-spec": 6,
        "requires": {
            "python_version": "3.11"
        },
        "sources": [
            {
                "name": "pypi",
                "url": "https://pypi.org/simple",
                "verify_ssl": true
            }
        ]
    },
    "default": {
        "pybase64": {
            "hashes": [
                "sha256:025b613650939d618a4aef5473137bacc3346a71ed82e947551816e2bb06987f",
                "sha256:03b1d733116cf6f77ad7c3b286b793ed0fbb8363d2e4a031bd3d120dcbdbe9c7",
                "sha256:059d326412e5dbd786065dc525dbc53fc24656b3327de7ab70af41d432561a2f",
                "sha256:06d919d1279825e757a53b80396306c54c2512cf3169567746c7768fb68b7cee",
                "sha256:06fc379c0bbb03ce12afbcb11c1dd89943dc297d2eb7f38f17da86567c1e2da9",
                "sha256:0784181bf9368842ae9ff12c68c452e9ed6aeadb459b8e675201f4e4ba2444ff",
                "sha256:085f0d8b7e593f5374f32483e5dcf543715a9a9fc1ea310f8d2ed664dabf7cdb",
                "sha256:0a0dcd173c7d4d1e971c94e15a246a4445955b0686e1488e78d18c05d3b71d9a",
                "sha256:0b54d33adca9e96408dc8ecabf7f880bb86ce15c7e2e00e3919e8b45e6e0ec07",
                "sha256:0b5f570f0d52a4d21c1adc762552a4aa0f9e8bc92f9ecd6b6b69c833eedfe8b9",
                "sha256:0bf75f63bc16b68152ac31b552a09313dc54c2dca171a7a8c27f4505a8e91104",
                "sha256:0f07fb1f4884acc86272d7fe93f0475c85632d38806e03c69a03188b4367edec",
                "sha256:11114b6b3c7f4d6668b20b473fae88a92214389a86bda3c98914c8a2fa376556",
                "sha256:11b4971af5aa3926115cdacc7e837d018c6cc9b6cfe0b93c839c29a0af5be2b2",
                "sha256:15b844e29b6bb08949ffb07021383e3182e6651436708130d1d528e42aeacab5",
                "sha256:19f3a2ade62217ee42e36b43d781589b9e265556191c30b72cf05f3f64aa9f2f",
                "sha256:1aef411095a3e53ecb232da05cce23518230bbf40b3b4b633b11b98d0f0c5621",
                "sha256:1b722174c06c204dff14852f3a968ee448698cf9af0c0c31a5d15343ccb19ef3",
                "sha256:1d67fdb1ef66f154d2d116a1e74fb4f60a3812cc43fd0907dd9fc05526fae763",
                "sha256:1da5c376605397e1ff862ec414151eac183af7bd4843527022739144b302b8a9",
                "sha256:1e427957de7428446820a227bf483a3bca0351473e9ff3bbd831fca95f814a35",
                "sha256:1e52cd080d22960491688b0512d11108da58e8a3e0a28756afef4d201399f932",
                "sha256:1f65c78b257beda1579d01836b27a89bc2f526b047998d328f010ecd078b73ee",
                "sha256:21ddd131cf0bbf0ff18138089268fa9e658b205ac9b31cb9fabae6b16b31e2ff",
                "sha256:227e1b6c31d5306ba2820680b61ba7739fbc92a46ba1c6335d4e9abeff2338da",
                "sha256:266466931e324706eee0c3a12d032ae8b80d1b3895e17686c41176755c7c3684",
                "sha256:26f3153652bf4da3f7e634f13d44c4bb48b780551a6abd8f98d54745d3a83404",
                "sha256:2758adcbebd18fefb325a2c2caa6698a9ede6dee3dd97439cc17e9354bceb8bb",
                "sha256:28591a028683dec543b5e9573ecad97ff72aa74c94b0ec62d0ee9c82cda8fa38",
                "sha256:28e3ec4f74042352a85efb3c19ed9b115ff968bd16cc916a7fd70e6ae99cf67d",
                "sha256:2c07669c87f66a164aba142cd812f1efb84b8bbb616c2cc35a28bd5c66d6414b",
                "sha256:2fecde2c7d2bec98f585b57d33a48a54deaeb7dfc01df11e67926d44ddbdb235",
                "sha256:31b796e74d691ee75903e38cc6008bfa9163c80814c148b71efb43473ee406ed",
                "sha256:32ef993c55821dac9abd767ee4656a5013b2ed8bf1125cabbae7e84d2b991038",
                "sha256:33f11c42ce14fbb2eeb41b76b6f4f7acfdd970c16a609ae0a26fa283761f06f3",
                "sha256:349c3b6705ab7fd1f94c042d03482c66ff819274d3642ee6f7ec6978553da7b3",
                "sha256:3f038d3da111399a4246bc3f9c588956bc666e48192281759b9d310c423fcbcb",
                "sha256:3f89501c77883568612d9133be6684e36d60c098f30f4d5d6844d3130757c961",
                "sha256:41a177b58e3b2dbb93fe03c6aa14798142e1cd16ae0257cb844c44e42cd25144",
                "sha256:47afc5ae22fef448142db84f0cf631fe9f86160055f018f9002f816a3b63ef15",
                "sha256:48292d202b134ec320e6ec2212199f8a5ea3b58ae83cba2b30201040e7733904",
                "sha256:4876c26f59c1ed4e1d63f947cefd5536a3511f74bc3c85afeaf81f75bcd21ff3",
                "sha256:48f778c3bf3080d4a6230cd65eb06f0c0d3e05bb587fa7910db60e99815958a4",
                "sha256:4ae3659c92447d229fd272a90d215b0b3defe88c16ce5be784c8ecff77b4e2b4",
                "sha256:4f8c20fb576bc9b54b547da8b3ce26e43e2447983d67197e13bc21e6874ed8ef",
                "sha256:5126e7f0d53ce17e004439e928b3a4212a11f31d91b03c56408d2b385570eada",
                "sha256:5ba5ab04d84db9963610bcada4a46bf654b12ea7934795c2781667c1694ae60d",
                "sha256:5f6a6b9dbb8257de1aac18c7b25e0d8849f3016a067743124e18de436e930f00",
                "sha256:609b5c1fe84251b519e5f7e5c73c25635f4b722243b36f9aefe98a27d8b96938",
                "sha256:651c4e07c507f7756179aa75de3b1b802346a195fa40991c75ced57da45ba761",
                "sha256:6f3188bfa49e4bd27a7bf120d17da891ad4d190be44e45aca0abb95c4b7ab656",
                "sha256:71b65b78197ed6bc009cb84418a484ecc568dafc9329d4bac90b8eff21ca8cb4",
                "sha256:72d7044ea0137a9f8936b65f40817490fc2dab34fa7715f60034f8fca556748d",
                "sha256:736b0163926b2eb4e592dee7b41f89a29c2d3d0bcf93cb34fa9b84cfff948258",
                "sha256:755377cf87e76d7b48d7ff8d5814e114e9f153f22ae2636b5a875189824cf4ff",
                "sha256:76662aa43a7a3d8ae2d51779c5a223fbaa4fa07925dead4c234316fc938084c2",
                "sha256:7a919d5129a543033a40cce7c4d26760953bb0108c1550b99961d7497131c60f",
                "sha256:7b6358d0cc13f3d1764cccdce0af563ec6abc79835fa7f25d1b7aa45da6393e4",
                "sha256:7bc5fc155935fd0d204bed726507aa04f7ef49885a79b93c347037c437fa45a3",
                "sha256:7f5c52598f4cb2c45f15cba9c823f3af469408837dea2cb105b53a0cce862b0b",
                "sha256:812f2f8264a7f5e6bbb7605e0df9a2f827cfe2af994b92353bd4183480338104",
                "sha256:81cd93debccda870834adadca7c7923bd5c276e1ef544cf62ee9a5d1c4045f68",
                "sha256:879a41a64713068bfad2d6bc7c522b8f697527446658df97d061e79e5bb3c45c",
                "sha256:88ca827cc2fca05b22e61bfebbe5ba85e9fb5d4ce5c376ad630a52b30bf20456",
                "sha256:894415376efe88f9a22d45b6bfc06d9d594daac76c2acab3655afe3225987d37",
                "sha256:8bf72833e16eae9e44ae46409b9a32a030bb5e26bc5cf4413dc74241cf2e845a",
                "sha256:8c1dabbcfbc09d2cd41b02f0c9caaa5afc9282855b4b32451cb03af3fc5ff6ff",
                "sha256:915c4eb35bc339f100749856eac74a145639ea7c2bb7b83e5a14d4ef70c6af7a",
                "sha256:91da83c784f86254eb05c1aa134b91952f90c82e336bbbc54d59d15af8023f1f",
                "sha256:9499f665dcc86713332e5759b1552d141b6d4770da4206094b869eb7c001337c",
                "sha256:951a32cb5d280a0ffd50d9dfd74af2d66e9ba6a052200f7b42ab57efd3da4230",
                "sha256:9622442f217bd2ec12d4188eb942a3210b0a5bdb9e295e252cca099a703001ce",
                "sha256:98b186d0f3cad2ac164970e3a68a6a46c6b9c5c3f3c4d925f6181883d2a62470",
                "sha256:9af3f1700b4bdac7a3dfd3242af14d30b87e21e5940d95430c7ad576c79be101",
                "sha256:9bc5f4866a6b9940bd10a5a1f8be139bb46728b40c48c5af8dd590eb170e8fb1",
                "sha256:9ca4bb2efce3de2179adf57dafe2a7f7cf5dcc5361d04f9a2e8c58e93cca6741",
                "sha256:9cd58fc35b81ccf647ae2d570fc957182b3a3b3f9b48b1f1d6d97e8cebd4c8d6",
                "sha256:9ef6f22fc4223c8fd92cce2bf2d5fb4e26940319dec28ed5ac0e525076df2068",
                "sha256:a19312ced969d8f7b712ed3201fcf803eefdf882891977037596391ab11da26b",
                "sha256:a52a28b1f7b1f8a28c960637ec5c6e7fd90dadd5958b6c52632db704b6fa01a3",
                "sha256:a6f34260036cd94b83c450dadb0d9316cdd468dfddd0aadb20837cb7f3e4b3d4",
                "sha256:af4688d8554b7b0f20e3cd4cb167eab62d2b8886683f26b634301ac259b6c1f4",
                "sha256:b95141be248c37a055deac1730d41f2a1715d41355a330b44738b2e4d3de28b8",
                "sha256:b9c919d38e70b7047f92210de8571422d7ba9df7fb74e35ae43be6e08c6842c9",
                "sha256:b9d45188090f5af2948baab32624f8da87d569fa27f769b05264554c54be1f49",
                "sha256:b9f7e26e2c5c4c73755a6cd13979cba0fcfa8efcefa68d5baf6766cd86de200f",
                "sha256:bac1442c9c4de1c4d977adaa67a2410838fa8c3150149f32b0596731e0b7babb",
                "sha256:bb7420858e1c0608b895910495c664ac586dadef22cec5a2194e71a8917ec92e",
                "sha256:bbd9419835e8723691c536ca17c5b4f928837a709ca8abb8a25ab5667ae7f081",
                "sha256:bbfa7795782ff5079ddf183ffed6a67ec149a543cb0edf4902f875c31857a8ee",
                "sha256:bc6a436a0cb2e8e78c92d1a98b2cb37bccb05bdf62225c0a1cda482ffa33a71a",
                "sha256:c0c8be6e23c28f98ec5d8f35a638676f983129651a37dc08c676e8edd7f2cf20",
                "sha256:c1ec8154e6e867b2c2a6de9abbe50115d7c2d426d69e7791e1f4337270304497",
                "sha256:c4436edcff0cad586fd265d469696d1058ae4ec6b56cc96b180e2a8bcb3eab44",
                "sha256:c7f7b2f072c8c7ab63c61e7a35f0685fb460600df820b950f2b690b1d4647ee6",
                "sha256:c99ae0e46bd7bec2c66bd1b5a9115911f15935202c55f71d64cd58dede018c52",
                "sha256:ca3278ea46f026400bad43bf2780bb69d851b4931c99996f6d3172d30e224694",
                "sha256:cc0fe1a2a54958ff268d04582b0b942208c7ce020e81f581625b5a0281a0da29",
                "sha256:cc61af2d33b2103af8507c549932fecb41b25e6d5c2916e0da92532378e3d639",
                "sha256:cdd036423e0cd121eee3b5b7ea9e52413409c64537bd5f94bdfa615583229ea3",
                "sha256:d23b6ccbb5244bd853a33428dd9b1e37e187c51ccc98e5a54b202c8ecd9a0780",
                "sha256:d4f5974ada99be1f0222e0e17f5584df07a8ccd8b025b739ae66006127718bb1",
                "sha256:d5ee9f5e7dabc4921abd8b5408fc6f9f330e9383d62fe69b142c403f3632ecd1",
                "sha256:db8bdddb2aaa57a1dfbb7133d431bd2f5c2f67b3638f0fe28f6c63a5ce52a03d",
                "sha256:dc7f4628dafb04aa338bf14535e9db3579796f49bdebb03f9250d0a12b1f36cc",
                "sha256:e0a8518e6b01aa89a274b7a833cde079ace40c16cdd9573a7dfa6166f904a3fb",
                "sha256:e0f65f6d682d72316d877c86b677793abaa65b391a3692767a077faced4b7802",
                "sha256:e19c6fe8ce448402137e8906bb4b4ec193a3152bd492e9bb2889b2ac705e8a17",
                "sha256:e47bc67434a7e76fac34170f8d6091086acc1807fdad8fdf2069b516d73e9e38",
                "sha256:e8aec2d73a622ddf3c532ea860de6aebfaab646a6a6bb6ffeca295de106235e9",
                "sha256:f0190a9b9e30aa448221fb6ca6c9a4359b28ffe769c4a8c08c1d2457e04093c8",
                "sha256:f0ab56e017acaa59de96aa0a8e5f3aab88d3831d873426e003e11d39a91e7a84",
                "sha256:f109a6aba9c235406f994d80083f5680a81b52358102751c23b8f2e1da57b231",
                "sha256:f2be5ec28edf2ba01fd12b1d04ff4c06208bf2a0eb81812db4966eef83bb2d68",
                "sha256:f906b295210d5f6bc8cfe87445e92bc1a290d2b89bff1a74069e3a412eb7602a",
                "sha256:f9d3f645c7c74321273a5851504fab90fbee9e013b1069d066c8aec2613ce4f6",
                "sha256:fb2d1526fa41631673aa92290195b38015e4dea8fb265a7f9a7bb4d17eb98a8f",
                "sha256:fbacb2f79e4dabf3abe25c247bea8000360fd0babb5b87579427310d852c8325",
                "sha256:fde83acf303fe3a73f6ef4841866211c4ec7b4dc94b7439e1079089896efe8e0",
                "sha256:fdfbe910e666c6d8b05356668ee6fee8848bfa09fc5d326e58466c30ef8db6c1",
                "sha256:fea73a50e8f236aa60cb87ccb5a85778e64db8bc7446c3f89226dd79ed23894f"
            ],
            "index": "pypi",
            "markers": "python_version >= '3.6'",
            "version": "==1.3.2"
        },
        "python-dotenv": {
            "hashes": [
                "sha256:e324ee90a023d808f1959c46bcbc04446a10ced277783dc6ee09987c37ec10ca",
                "sha256:f7b63ef50f1b690dddf550d03497b66d609393b40b564ed0d674909a68ebf16a"
            ],
            "index": "pypi",
            "markers": "python_version >= '3.8'",
            "version": "==1.0.1"
        }
    },
    "develop": {}
}
